
Microsoft Visual Studio Solution File, Format Version 12.00
# Visual Studio Version 16
VisualStudioVersion = 16.0.29609.76
MinimumVisualStudioVersion = 10.0.40219.1
Project("{FAE04EC0-301F-11D3-BF4B-00C04F79EFBC}") = "AppGestionStock", "AppGestionStock\AppGestionStock.csproj", "{12CF138A-B83D-4978-B003-1C2989E942BA}"
EndProject
Global
	GlobalSection(SolutionConfigurationPlatforms) = preSolution
		Debug|Any CPU = Debug|Any CPU
		Release|Any CPU = Release|Any CPU
	EndGlobalSection
	GlobalSection(ProjectConfigurationPlatforms) = postSolution
		{12CF138A-B83D-4978-B003-1C2989E942BA}.Debug|Any CPU.ActiveCfg = Debug|Any CPU
		{12CF138A-B83D-4978-B003-1C2989E942BA}.Debug|Any CPU.Build.0 = Debug|Any CPU
		{12CF138A-B83D-4978-B003-1C2989E942BA}.Release|Any CPU.ActiveCfg = Release|Any CPU
		{12CF138A-B83D-4978-B003-1C2989E942BA}.Release|Any CPU.Build.0 = Release|Any CPU
	EndGlobalSection
	GlobalSection(SolutionProperties) = preSolution
		HideSolutionNode = FALSE
	EndGlobalSection
	GlobalSection(ExtensibilityGlobals) = postSolution
		SolutionGuid = {2290A5A5-D208-4360-BA31-809D37BBA4B1}
	EndGlobalSection
EndGlobal
